
Microsoft Visual Studio Solution File, Format Version 12.00
# Visual Studio Version 17
VisualStudioVersion = 17.1.32328.378
MinimumVisualStudioVersion = 10.0.40219.1
Project("{8BC9CEB8-8B4A-11D0-8D11-00A0C91BC942}") = "llvm-msvc-X64_inline_asm-testing", "llvm-msvc-X64_inline_asm-testing.vcxproj", "{403948D3-12CC-4E5A-BE12-3CBF01C7C40B}"
EndProject
Global
	GlobalSection(SolutionConfigurationPlatforms) = preSolution
		Debug|x64 = Debug|x64
		Debug|x86 = Debug|x86
		Release|x64 = Release|x64
		Release|x86 = Release|x86
	EndGlobalSection
	GlobalSection(ProjectConfigurationPlatforms) = postSolution
		{403948D3-12CC-4E5A-BE12-3CBF01C7C40B}.Debug|x64.ActiveCfg = Debug|x64
		{403948D3-12CC-4E5A-BE12-3CBF01C7C40B}.Debug|x64.Build.0 = Debug|x64
		{403948D3-12CC-4E5A-BE12-3CBF01C7C40B}.Debug|x86.ActiveCfg = Debug|Win32
		{403948D3-12CC-4E5A-BE12-3CBF01C7C40B}.Debug|x86.Build.0 = Debug|Win32
		{403948D3-12CC-4E5A-BE12-3CBF01C7C40B}.Release|x64.ActiveCfg = Release|x64
		{403948D3-12CC-4E5A-BE12-3CBF01C7C40B}.Release|x64.Build.0 = Release|x64
		{403948D3-12CC-4E5A-BE12-3CBF01C7C40B}.Release|x86.ActiveCfg = Release|Win32
		{403948D3-12CC-4E5A-BE12-3CBF01C7C40B}.Release|x86.Build.0 = Release|Win32
	EndGlobalSection
	GlobalSection(SolutionProperties) = preSolution
		HideSolutionNode = FALSE
	EndGlobalSection
	GlobalSection(ExtensibilityGlobals) = postSolution
		SolutionGuid = {11FD30A6-28C5-4ACF-A3BC-17AB9AA84FEE}
	EndGlobalSection
EndGlobal
